// !$*UTF8*$!
{
	archiveVersion = 1;
	classes = {
	};
	objectVersion = 46;
	objects = {

/* Begin PBXBuildFile section */
		733C4F321EDACF9B00F42A23 /* ResultViewController.m in Sources */ = {isa = PBXBuildFile; fileRef = 733C4F311EDACF9B00F42A23 /* ResultViewController.m */; };
		733C4F341EDAD45500F42A23 /* bmi_normal_anim.json in Resources */ = {isa = PBXBuildFile; fileRef = 733C4F331EDAD45500F42A23 /* bmi_normal_anim.json */; };
		733C4F361EDAD45E00F42A23 /* bmi_obesse_anim.json in Resources */ = {isa = PBXBuildFile; fileRef = 733C4F351EDAD45E00F42A23 /* bmi_obesse_anim.json */; };
		733C4F381EDAD46700F42A23 /* bmi_over_anim.json in Resources */ = {isa = PBXBuildFile; fileRef = 733C4F371EDAD46700F42A23 /* bmi_over_anim.json */; };
		733C4F3A1EDAD46E00F42A23 /* bmi_under_anim.json in Resources */ = {isa = PBXBuildFile; fileRef = 733C4F391EDAD46E00F42A23 /* bmi_under_anim.json */; };
		7349BD961ED92105007DAB73 /* main.m in Sources */ = {isa = PBXBuildFile; fileRef = 7349BD951ED92105007DAB73 /* main.m */; };
		7349BD991ED92105007DAB73 /* AppDelegate.m in Sources */ = {isa = PBXBuildFile; fileRef = 7349BD981ED92105007DAB73 /* AppDelegate.m */; };
		7349BD9F1ED92105007DAB73 /* Main.storyboard in Resources */ = {isa = PBXBuildFile; fileRef = 7349BD9D1ED92105007DAB73 /* Main.storyboard */; };
		7349BDA21ED92105007DAB73 /* myBMI.xcdatamodeld in Sources */ = {isa = PBXBuildFile; fileRef = 7349BDA01ED92105007DAB73 /* myBMI.xcdatamodeld */; };
		7349BDA41ED92105007DAB73 /* Assets.xcassets in Resources */ = {isa = PBXBuildFile; fileRef = 7349BDA31ED92105007DAB73 /* Assets.xcassets */; };
		7349BDA71ED92105007DAB73 /* LaunchScreen.storyboard in Resources */ = {isa = PBXBuildFile; fileRef = 7349BDA51ED92105007DAB73 /* LaunchScreen.storyboard */; };
		7349BDB61ED923C7007DAB73 /* LaunchScreenViewController.m in Sources */ = {isa = PBXBuildFile; fileRef = 7349BDB51ED923C7007DAB73 /* LaunchScreenViewController.m */; };
		7349BDB91ED9D51A007DAB73 /* CalculatorViewController.m in Sources */ = {isa = PBXBuildFile; fileRef = 7349BDB81ED9D51A007DAB73 /* CalculatorViewController.m */; };
		7349BDBC1ED9D58C007DAB73 /* BMIFormula.m in Sources */ = {isa = PBXBuildFile; fileRef = 7349BDBB1ED9D58C007DAB73 /* BMIFormula.m */; };
		73A18C581ED9E94E007032C6 /* bmi_logo_animated.json in Resources */ = {isa = PBXBuildFile; fileRef = 73A18C571ED9E94E007032C6 /* bmi_logo_animated.json */; };
		B8B2A4A898E913C97241F7C6 /* libPods-myBMI.a in Frameworks */ = {isa = PBXBuildFile; fileRef = 71D174D52A6A2BF9DC0A57E4 /* libPods-myBMI.a */; };
		EAE906FD1EDEE93E00E641BC /* bmi_logo_anim.json in Resources */ = {isa = PBXBuildFile; fileRef = EAE906FC1EDEE93E00E641BC /* bmi_logo_anim.json */; };
		EAE906FF1EDEFCEB00E641BC /* CoreData.framework in Frameworks */ = {isa = PBXBuildFile; fileRef = EAE906FE1EDEFCEB00E641BC /* CoreData.framework */; };
		EAE907021EDEFEC900E641BC /* CoreDataStack.m in Sources */ = {isa = PBXBuildFile; fileRef = EAE907011EDEFEC900E641BC /* CoreDataStack.m */; };
		EAE907051EDF172800E641BC /* BmiData.m in Sources */ = {isa = PBXBuildFile; fileRef = EAE907041EDF172800E641BC /* BmiData.m */; };
/* End PBXBuildFile section */

/* Begin PBXFileReference section */
		2B72DC712AA6AFC8F3DBBC71 /* Pods-myBMI.release.xcconfig */ = {isa = PBXFileReference; includeInIndex = 1; lastKnownFileType = text.xcconfig; name = "Pods-myBMI.release.xcconfig"; path = "Pods/Target Support Files/Pods-myBMI/Pods-myBMI.release.xcconfig"; sourceTree = "<group>"; };
		71D174D52A6A2BF9DC0A57E4 /* libPods-myBMI.a */ = {isa = PBXFileReference; explicitFileType = archive.ar; includeInIndex = 0; path = "libPods-myBMI.a"; sourceTree = BUILT_PRODUCTS_DIR; };
		733C4F301EDACF9B00F42A23 /* ResultViewController.h */ = {isa = PBXFileReference; fileEncoding = 4; lastKnownFileType = sourcecode.c.h; path = ResultViewController.h; sourceTree = "<group>"; };
		733C4F311EDACF9B00F42A23 /* ResultViewController.m */ = {isa = PBXFileReference; fileEncoding = 4; lastKnownFileType = sourcecode.c.objc; path = ResultViewController.m; sourceTree = "<group>"; };
		733C4F331EDAD45500F42A23 /* bmi_normal_anim.json */ = {isa = PBXFileReference; fileEncoding = 4; lastKnownFileType = text.json; path = bmi_normal_anim.json; sourceTree = "<group>"; };
		733C4F351EDAD45E00F42A23 /* bmi_obesse_anim.json */ = {isa = PBXFileReference; fileEncoding = 4; lastKnownFileType = text.json; path = bmi_obesse_anim.json; sourceTree = "<group>"; };
		733C4F371EDAD46700F42A23 /* bmi_over_anim.json */ = {isa = PBXFileReference; fileEncoding = 4; lastKnownFileType = text.json; path = bmi_over_anim.json; sourceTree = "<group>"; };
		733C4F391EDAD46E00F42A23 /* bmi_under_anim.json */ = {isa = PBXFileReference; fileEncoding = 4; lastKnownFileType = text.json; path = bmi_under_anim.json; sourceTree = "<group>"; };
		7349BD911ED92105007DAB73 /* myBMI.app */ = {isa = PBXFileReference; explicitFileType = wrapper.application; includeInIndex = 0; path = myBMI.app; sourceTree = BUILT_PRODUCTS_DIR; };
		7349BD951ED92105007DAB73 /* main.m */ = {isa = PBXFileReference; lastKnownFileType = sourcecode.c.objc; path = main.m; sourceTree = "<group>"; };
		7349BD971ED92105007DAB73 /* AppDelegate.h */ = {isa = PBXFileReference; lastKnownFileType = sourcecode.c.h; path = AppDelegate.h; sourceTree = "<group>"; };
		7349BD981ED92105007DAB73 /* AppDelegate.m */ = {isa = PBXFileReference; lastKnownFileType = sourcecode.c.objc; path = AppDelegate.m; sourceTree = "<group>"; };
		7349BD9E1ED92105007DAB73 /* Base */ = {isa = PBXFileReference; lastKnownFileType = file.storyboard; name = Base; path = Base.lproj/Main.storyboard; sourceTree = "<group>"; };
		7349BDA11ED92105007DAB73 /* myBMI.xcdatamodel */ = {isa = PBXFileReference; lastKnownFileType = wrapper.xcdatamodel; path = myBMI.xcdatamodel; sourceTree = "<group>"; };
		7349BDA31ED92105007DAB73 /* Assets.xcassets */ = {isa = PBXFileReference; lastKnownFileType = folder.assetcatalog; path = Assets.xcassets; sourceTree = "<group>"; };
		7349BDA61ED92105007DAB73 /* Base */ = {isa = PBXFileReference; lastKnownFileType = file.storyboard; name = Base; path = Base.lproj/LaunchScreen.storyboard; sourceTree = "<group>"; };
		7349BDA81ED92105007DAB73 /* Info.plist */ = {isa = PBXFileReference; lastKnownFileType = text.plist.xml; path = Info.plist; sourceTree = "<group>"; };
		7349BDB41ED923C7007DAB73 /* LaunchScreenViewController.h */ = {isa = PBXFileReference; fileEncoding = 4; lastKnownFileType = sourcecode.c.h; path = LaunchScreenViewController.h; sourceTree = "<group>"; };
		7349BDB51ED923C7007DAB73 /* LaunchScreenViewController.m */ = {isa = PBXFileReference; fileEncoding = 4; lastKnownFileType = sourcecode.c.objc; path = LaunchScreenViewController.m; sourceTree = "<group>"; };
		7349BDB71ED9D51A007DAB73 /* CalculatorViewController.h */ = {isa = PBXFileReference; fileEncoding = 4; lastKnownFileType = sourcecode.c.h; path = CalculatorViewController.h; sourceTree = "<group>"; };
		7349BDB81ED9D51A007DAB73 /* CalculatorViewController.m */ = {isa = PBXFileReference; fileEncoding = 4; lastKnownFileType = sourcecode.c.objc; path = CalculatorViewController.m; sourceTree = "<group>"; };
		7349BDBA1ED9D58C007DAB73 /* BMIFormula.h */ = {isa = PBXFileReference; fileEncoding = 4; lastKnownFileType = sourcecode.c.h; path = BMIFormula.h; sourceTree = "<group>"; };
		7349BDBB1ED9D58C007DAB73 /* BMIFormula.m */ = {isa = PBXFileReference; fileEncoding = 4; lastKnownFileType = sourcecode.c.objc; path = BMIFormula.m; sourceTree = "<group>"; };
		73A18C571ED9E94E007032C6 /* bmi_logo_animated.json */ = {isa = PBXFileReference; fileEncoding = 4; lastKnownFileType = text.json; path = bmi_logo_animated.json; sourceTree = "<group>"; };
		AEC56A18EADBE92B626EECD7 /* Pods-myBMI.debug.xcconfig */ = {isa = PBXFileReference; includeInIndex = 1; lastKnownFileType = text.xcconfig; name = "Pods-myBMI.debug.xcconfig"; path = "Pods/Target Support Files/Pods-myBMI/Pods-myBMI.debug.xcconfig"; sourceTree = "<group>"; };
		EAE906FC1EDEE93E00E641BC /* bmi_logo_anim.json */ = {isa = PBXFileReference; fileEncoding = 4; lastKnownFileType = text.json; path = bmi_logo_anim.json; sourceTree = "<group>"; };
		EAE906FE1EDEFCEB00E641BC /* CoreData.framework */ = {isa = PBXFileReference; lastKnownFileType = wrapper.framework; name = CoreData.framework; path = System/Library/Frameworks/CoreData.framework; sourceTree = SDKROOT; };
		EAE907001EDEFEC900E641BC /* CoreDataStack.h */ = {isa = PBXFileReference; fileEncoding = 4; lastKnownFileType = sourcecode.c.h; path = CoreDataStack.h; sourceTree = "<group>"; };
		EAE907011EDEFEC900E641BC /* CoreDataStack.m */ = {isa = PBXFileReference; fileEncoding = 4; lastKnownFileType = sourcecode.c.objc; path = CoreDataStack.m; sourceTree = "<group>"; };
		EAE907031EDF172800E641BC /* BmiData.h */ = {isa = PBXFileReference; fileEncoding = 4; lastKnownFileType = sourcecode.c.h; path = BmiData.h; sourceTree = "<group>"; };
		EAE907041EDF172800E641BC /* BmiData.m */ = {isa = PBXFileReference; fileEncoding = 4; lastKnownFileType = sourcecode.c.objc; path = BmiData.m; sourceTree = "<group>"; };
/* End PBXFileReference section */

/* Begin PBXFrameworksBuildPhase section */
		7349BD8E1ED92105007DAB73 /* Frameworks */ = {
			isa = PBXFrameworksBuildPhase;
			buildActionMask = 2147483647;
			files = (
				EAE906FF1EDEFCEB00E641BC /* CoreData.framework in Frameworks */,
				B8B2A4A898E913C97241F7C6 /* libPods-myBMI.a in Frameworks */,
			);
			runOnlyForDeploymentPostprocessing = 0;
		};
/* End PBXFrameworksBuildPhase section */

/* Begin PBXGroup section */
		124D8288822C27804E500A4B /* Pods */ = {
			isa = PBXGroup;
			children = (
				AEC56A18EADBE92B626EECD7 /* Pods-myBMI.debug.xcconfig */,
				2B72DC712AA6AFC8F3DBBC71 /* Pods-myBMI.release.xcconfig */,
			);
			name = Pods;
			sourceTree = "<group>";
		};
		7349BD881ED92105007DAB73 = {
			isa = PBXGroup;
			children = (
				7349BD931ED92105007DAB73 /* myBMI */,
				7349BD921ED92105007DAB73 /* Products */,
				124D8288822C27804E500A4B /* Pods */,
				895D88A3DFE18D224FE855AF /* Frameworks */,
			);
			sourceTree = "<group>";
		};
		7349BD921ED92105007DAB73 /* Products */ = {
			isa = PBXGroup;
			children = (
				7349BD911ED92105007DAB73 /* myBMI.app */,
			);
			name = Products;
			sourceTree = "<group>";
		};
		7349BD931ED92105007DAB73 /* myBMI */ = {
			isa = PBXGroup;
			children = (
				73A18C561ED9E92D007032C6 /* Assets */,
				7349BD971ED92105007DAB73 /* AppDelegate.h */,
				7349BD981ED92105007DAB73 /* AppDelegate.m */,
				EAE907001EDEFEC900E641BC /* CoreDataStack.h */,
				EAE907011EDEFEC900E641BC /* CoreDataStack.m */,
				EAE907031EDF172800E641BC /* BmiData.h */,
				EAE907041EDF172800E641BC /* BmiData.m */,
				7349BDBA1ED9D58C007DAB73 /* BMIFormula.h */,
				7349BDBB1ED9D58C007DAB73 /* BMIFormula.m */,
				7349BDB41ED923C7007DAB73 /* LaunchScreenViewController.h */,
				7349BDB51ED923C7007DAB73 /* LaunchScreenViewController.m */,
				7349BDB71ED9D51A007DAB73 /* CalculatorViewController.h */,
				7349BDB81ED9D51A007DAB73 /* CalculatorViewController.m */,
				733C4F301EDACF9B00F42A23 /* ResultViewController.h */,
				733C4F311EDACF9B00F42A23 /* ResultViewController.m */,
				7349BD9D1ED92105007DAB73 /* Main.storyboard */,
				7349BDA31ED92105007DAB73 /* Assets.xcassets */,
				7349BDA51ED92105007DAB73 /* LaunchScreen.storyboard */,
				7349BDA81ED92105007DAB73 /* Info.plist */,
				7349BDA01ED92105007DAB73 /* myBMI.xcdatamodeld */,
				7349BD941ED92105007DAB73 /* Supporting Files */,
			);
			path = myBMI;
			sourceTree = "<group>";
		};
		7349BD941ED92105007DAB73 /* Supporting Files */ = {
			isa = PBXGroup;
			children = (
				7349BD951ED92105007DAB73 /* main.m */,
			);
			name = "Supporting Files";
			sourceTree = "<group>";
		};
		73A18C561ED9E92D007032C6 /* Assets */ = {
			isa = PBXGroup;
			children = (
				EAE906FC1EDEE93E00E641BC /* bmi_logo_anim.json */,
				733C4F391EDAD46E00F42A23 /* bmi_under_anim.json */,
				733C4F351EDAD45E00F42A23 /* bmi_obesse_anim.json */,
				733C4F371EDAD46700F42A23 /* bmi_over_anim.json */,
				733C4F331EDAD45500F42A23 /* bmi_normal_anim.json */,
				73A18C571ED9E94E007032C6 /* bmi_logo_animated.json */,
			);
			name = Assets;
			sourceTree = "<group>";
		};
		895D88A3DFE18D224FE855AF /* Frameworks */ = {
			isa = PBXGroup;
			children = (
				EAE906FE1EDEFCEB00E641BC /* CoreData.framework */,
				71D174D52A6A2BF9DC0A57E4 /* libPods-myBMI.a */,
			);
			name = Frameworks;
			sourceTree = "<group>";
		};
/* End PBXGroup section */

/* Begin PBXNativeTarget section */
		7349BD901ED92105007DAB73 /* myBMI */ = {
			isa = PBXNativeTarget;
			buildConfigurationList = 7349BDAB1ED92106007DAB73 /* Build configuration list for PBXNativeTarget "myBMI" */;
			buildPhases = (
				4E69965138A429282E202DEE /* [CP] Check Pods Manifest.lock */,
				7349BD8D1ED92105007DAB73 /* Sources */,
				7349BD8E1ED92105007DAB73 /* Frameworks */,
				7349BD8F1ED92105007DAB73 /* Resources */,
				FF9979031C3C89C317C9D760 /* [CP] Embed Pods Frameworks */,
				2249B30E5137D404CA88E523 /* [CP] Copy Pods Resources */,
			);
			buildRules = (
			);
			dependencies = (
			);
			name = myBMI;
			productName = myBMI;
			productReference = 7349BD911ED92105007DAB73 /* myBMI.app */;
			productType = "com.apple.product-type.application";
		};
/* End PBXNativeTarget section */

/* Begin PBXProject section */
		7349BD891ED92105007DAB73 /* Project object */ = {
			isa = PBXProject;
			attributes = {
				LastUpgradeCheck = 0830;
				ORGANIZATIONNAME = "Tristan Galang";
				TargetAttributes = {
					7349BD901ED92105007DAB73 = {
						CreatedOnToolsVersion = 8.3.2;
						DevelopmentTeam = WC2SZ68D3B;
						ProvisioningStyle = Automatic;
					};
				};
			};
			buildConfigurationList = 7349BD8C1ED92105007DAB73 /* Build configuration list for PBXProject "myBMI" */;
			compatibilityVersion = "Xcode 3.2";
			developmentRegion = English;
			hasScannedForEncodings = 0;
			knownRegions = (
				en,
				Base,
			);
			mainGroup = 7349BD881ED92105007DAB73;
			productRefGroup = 7349BD921ED92105007DAB73 /* Products */;
			projectDirPath = "";
			projectRoot = "";
			targets = (
				7349BD901ED92105007DAB73 /* myBMI */,
			);
		};
/* End PBXProject section */

/* Begin PBXResourcesBuildPhase section */
		7349BD8F1ED92105007DAB73 /* Resources */ = {
			isa = PBXResourcesBuildPhase;
			buildActionMask = 2147483647;
			files = (
				733C4F361EDAD45E00F42A23 /* bmi_obesse_anim.json in Resources */,
				733C4F381EDAD46700F42A23 /* bmi_over_anim.json in Resources */,
				EAE906FD1EDEE93E00E641BC /* bmi_logo_anim.json in Resources */,
				73A18C581ED9E94E007032C6 /* bmi_logo_animated.json in Resources */,
				7349BDA71ED92105007DAB73 /* LaunchScreen.storyboard in Resources */,
				733C4F3A1EDAD46E00F42A23 /* bmi_under_anim.json in Resources */,
				733C4F341EDAD45500F42A23 /* bmi_normal_anim.json in Resources */,
				7349BDA41ED92105007DAB73 /* Assets.xcassets in Resources */,
				7349BD9F1ED92105007DAB73 /* Main.storyboard in Resources */,
			);
			runOnlyForDeploymentPostprocessing = 0;
		};
/* End PBXResourcesBuildPhase section */

/* Begin PBXShellScriptBuildPhase section */
		2249B30E5137D404CA88E523 /* [CP] Copy Pods Resources */ = {
			isa = PBXShellScriptBuildPhase;
			buildActionMask = 2147483647;
			files = (
			);
			inputPaths = (
			);
			name = "[CP] Copy Pods Resources";
			outputPaths = (
			);
			runOnlyForDeploymentPostprocessing = 0;
			shellPath = /bin/sh;
			shellScript = "\"${SRCROOT}/Pods/Target Support Files/Pods-myBMI/Pods-myBMI-resources.sh\"\n";
			showEnvVarsInLog = 0;
		};
		4E69965138A429282E202DEE /* [CP] Check Pods Manifest.lock */ = {
			isa = PBXShellScriptBuildPhase;
			buildActionMask = 2147483647;
			files = (
			);
			inputPaths = (
			);
			name = "[CP] Check Pods Manifest.lock";
			outputPaths = (
			);
			runOnlyForDeploymentPostprocessing = 0;
			shellPath = /bin/sh;
			shellScript = "diff \"${PODS_PODFILE_DIR_PATH}/Podfile.lock\" \"${PODS_ROOT}/Manifest.lock\" > /dev/null\nif [ $? != 0 ] ; then\n    # print error to STDERR\n    echo \"error: The sandbox is not in sync with the Podfile.lock. Run 'pod install' or update your CocoaPods installation.\" >&2\n    exit 1\nfi\n";
			showEnvVarsInLog = 0;
		};
		FF9979031C3C89C317C9D760 /* [CP] Embed Pods Frameworks */ = {
			isa = PBXShellScriptBuildPhase;
			buildActionMask = 2147483647;
			files = (
			);
			inputPaths = (
			);
			name = "[CP] Embed Pods Frameworks";
			outputPaths = (
			);
			runOnlyForDeploymentPostprocessing = 0;
			shellPath = /bin/sh;
			shellScript = "\"${SRCROOT}/Pods/Target Support Files/Pods-myBMI/Pods-myBMI-frameworks.sh\"\n";
			showEnvVarsInLog = 0;
		};
/* End PBXShellScriptBuildPhase section */

/* Begin PBXSourcesBuildPhase section */
		7349BD8D1ED92105007DAB73 /* Sources */ = {
			isa = PBXSourcesBuildPhase;
			buildActionMask = 2147483647;
			files = (
				EAE907051EDF172800E641BC /* BmiData.m in Sources */,
				7349BDA21ED92105007DAB73 /* myBMI.xcdatamodeld in Sources */,
				733C4F321EDACF9B00F42A23 /* ResultViewController.m in Sources */,
				7349BDB61ED923C7007DAB73 /* LaunchScreenViewController.m in Sources */,
				EAE907021EDEFEC900E641BC /* CoreDataStack.m in Sources */,
				7349BDB91ED9D51A007DAB73 /* CalculatorViewController.m in Sources */,
				7349BDBC1ED9D58C007DAB73 /* BMIFormula.m in Sources */,
				7349BD991ED92105007DAB73 /* AppDelegate.m in Sources */,
				7349BD961ED92105007DAB73 /* main.m in Sources */,
			);
			runOnlyForDeploymentPostprocessing = 0;
		};
/* End PBXSourcesBuildPhase section */

/* Begin PBXVariantGroup section */
		7349BD9D1ED92105007DAB73 /* Main.storyboard */ = {
			isa = PBXVariantGroup;
			children = (
				7349BD9E1ED92105007DAB73 /* Base */,
			);
			name = Main.storyboard;
			sourceTree = "<group>";
		};
		7349BDA51ED92105007DAB73 /* LaunchScreen.storyboard */ = {
			isa = PBXVariantGroup;
			children = (
				7349BDA61ED92105007DAB73 /* Base */,
			);
			name = LaunchScreen.storyboard;
			sourceTree = "<group>";
		};
/* End PBXVariantGroup section */

/* Begin XCBuildConfiguration section */
		7349BDA91ED92105007DAB73 /* Debug */ = {
			isa = XCBuildConfiguration;
			buildSettings = {
				ALWAYS_SEARCH_USER_PATHS = NO;
				CLANG_ANALYZER_NONNULL = YES;
				CLANG_ANALYZER_NUMBER_OBJECT_CONVERSION = YES_AGGRESSIVE;
				CLANG_CXX_LANGUAGE_STANDARD = "gnu++0x";
				CLANG_CXX_LIBRARY = "libc++";
				CLANG_ENABLE_MODULES = YES;
				CLANG_ENABLE_OBJC_ARC = YES;
				CLANG_WARN_BOOL_CONVERSION = YES;
				CLANG_WARN_CONSTANT_CONVERSION = YES;
				CLANG_WARN_DIRECT_OBJC_ISA_USAGE = YES_ERROR;
				CLANG_WARN_DOCUMENTATION_COMMENTS = YES;
				CLANG_WARN_EMPTY_BODY = YES;
				CLANG_WARN_ENUM_CONVERSION = YES;
				CLANG_WARN_INFINITE_RECURSION = YES;
				CLANG_WARN_INT_CONVERSION = YES;
				CLANG_WARN_OBJC_ROOT_CLASS = YES_ERROR;
				CLANG_WARN_SUSPICIOUS_MOVE = YES;
				CLANG_WARN_UNREACHABLE_CODE = YES;
				CLANG_WARN__DUPLICATE_METHOD_MATCH = YES;
				"CODE_SIGN_IDENTITY[sdk=iphoneos*]" = "iPhone Developer";
				COPY_PHASE_STRIP = NO;
				DEBUG_INFORMATION_FORMAT = dwarf;
				ENABLE_STRICT_OBJC_MSGSEND = YES;
				ENABLE_TESTABILITY = YES;
				GCC_C_LANGUAGE_STANDARD = gnu99;
				GCC_DYNAMIC_NO_PIC = NO;
				GCC_NO_COMMON_BLOCKS = YES;
				GCC_OPTIMIZATION_LEVEL = 0;
				GCC_PREPROCESSOR_DEFINITIONS = (
					"DEBUG=1",
					"$(inherited)",
				);
				GCC_WARN_64_TO_32_BIT_CONVERSION = YES;
				GCC_WARN_ABOUT_RETURN_TYPE = YES_ERROR;
				GCC_WARN_UNDECLARED_SELECTOR = YES;
				GCC_WARN_UNINITIALIZED_AUTOS = YES_AGGRESSIVE;
				GCC_WARN_UNUSED_FUNCTION = YES;
				GCC_WARN_UNUSED_VARIABLE = YES;
				IPHONEOS_DEPLOYMENT_TARGET = 8.0;
				MTL_ENABLE_DEBUG_INFO = YES;
				ONLY_ACTIVE_ARCH = YES;
				SDKROOT = iphoneos;
				TARGETED_DEVICE_FAMILY = "1,2";
			};
			name = Debug;
		};
		7349BDAA1ED92105007DAB73 /* Release */ = {
			isa = XCBuildConfiguration;
			buildSettings = {
				ALWAYS_SEARCH_USER_PATHS = NO;
				CLANG_ANALYZER_NONNULL = YES;
				CLANG_ANALYZER_NUMBER_OBJECT_CONVERSION = YES_AGGRESSIVE;
				CLANG_CXX_LANGUAGE_STANDARD = "gnu++0x";
				CLANG_CXX_LIBRARY = "libc++";
				CLANG_ENABLE_MODULES = YES;
				CLANG_ENABLE_OBJC_ARC = YES;
				CLANG_WARN_BOOL_CONVERSION = YES;
				CLANG_WARN_CONSTANT_CONVERSION = YES;
				CLANG_WARN_DIRECT_OBJC_ISA_USAGE = YES_ERROR;
				CLANG_WARN_DOCUMENTATION_COMMENTS = YES;
				CLANG_WARN_EMPTY_BODY = YES;
				CLANG_WARN_ENUM_CONVERSION = YES;
				CLANG_WARN_INFINITE_RECURSION = YES;
				CLANG_WARN_INT_CONVERSION = YES;
				CLANG_WARN_OBJC_ROOT_CLASS = YES_ERROR;
				CLANG_WARN_SUSPICIOUS_MOVE = YES;
				CLANG_WARN_UNREACHABLE_CODE = YES;
				CLANG_WARN__DUPLICATE_METHOD_MATCH = YES;
				"CODE_SIGN_IDENTITY[sdk=iphoneos*]" = "iPhone Developer";
				COPY_PHASE_STRIP = NO;
				DEBUG_INFORMATION_FORMAT = "dwarf-with-dsym";
				ENABLE_NS_ASSERTIONS = NO;
				ENABLE_STRICT_OBJC_MSGSEND = YES;
				GCC_C_LANGUAGE_STANDARD = gnu99;
				GCC_NO_COMMON_BLOCKS = YES;
				GCC_WARN_64_TO_32_BIT_CONVERSION = YES;
				GCC_WARN_ABOUT_RETURN_TYPE = YES_ERROR;
				GCC_WARN_UNDECLARED_SELECTOR = YES;
				GCC_WARN_UNINITIALIZED_AUTOS = YES_AGGRESSIVE;
				GCC_WARN_UNUSED_FUNCTION = YES;
				GCC_WARN_UNUSED_VARIABLE = YES;
				IPHONEOS_DEPLOYMENT_TARGET = 8.0;
				MTL_ENABLE_DEBUG_INFO = NO;
				SDKROOT = iphoneos;
				TARGETED_DEVICE_FAMILY = "1,2";
				VALIDATE_PRODUCT = YES;
			};
			name = Release;
		};
		7349BDAC1ED92106007DAB73 /* Debug */ = {
			isa = XCBuildConfiguration;
			baseConfigurationReference = AEC56A18EADBE92B626EECD7 /* Pods-myBMI.debug.xcconfig */;
			buildSettings = {
				ASSETCATALOG_COMPILER_APPICON_NAME = AppIcon;
				DEVELOPMENT_TEAM = WC2SZ68D3B;
				INFOPLIST_FILE = myBMI/Info.plist;
				IPHONEOS_DEPLOYMENT_TARGET = 10.3;
				LD_RUNPATH_SEARCH_PATHS = "$(inherited) @executable_path/Frameworks";
				PRODUCT_BUNDLE_IDENTIFIER = com.tristan.myBMI;
				PRODUCT_NAME = "$(TARGET_NAME)";
				TARGETED_DEVICE_FAMILY = "1,2";
			};
			name = Debug;
		};
		7349BDAD1ED92106007DAB73 /* Release */ = {
			isa = XCBuildConfiguration;
			baseConfigurationReference = 2B72DC712AA6AFC8F3DBBC71 /* Pods-myBMI.release.xcconfig */;
			buildSettings = {
				ASSETCATALOG_COMPILER_APPICON_NAME = AppIcon;
				DEVELOPMENT_TEAM = WC2SZ68D3B;
				INFOPLIST_FILE = myBMI/Info.plist;
				IPHONEOS_DEPLOYMENT_TARGET = 10.3;
				LD_RUNPATH_SEARCH_PATHS = "$(inherited) @executable_path/Frameworks";
				PRODUCT_BUNDLE_IDENTIFIER = com.tristan.myBMI;
				PRODUCT_NAME = "$(TARGET_NAME)";
				TARGETED_DEVICE_FAMILY = "1,2";
			};
			name = Release;
		};
/* End XCBuildConfiguration section */

/* Begin XCConfigurationList section */
		7349BD8C1ED92105007DAB73 /* Build configuration list for PBXProject "myBMI" */ = {
			isa = XCConfigurationList;
			buildConfigurations = (
				7349BDA91ED92105007DAB73 /* Debug */,
				7349BDAA1ED92105007DAB73 /* Release */,
			);
			defaultConfigurationIsVisible = 0;
			defaultConfigurationName = Release;
		};
		7349BDAB1ED92106007DAB73 /* Build configuration list for PBXNativeTarget "myBMI" */ = {
			isa = XCConfigurationList;
			buildConfigurations = (
				7349BDAC1ED92106007DAB73 /* Debug */,
				7349BDAD1ED92106007DAB73 /* Release */,
			);
			defaultConfigurationIsVisible = 0;
			defaultConfigurationName = Release;
		};
/* End XCConfigurationList section */

/* Begin XCVersionGroup section */
		7349BDA01ED92105007DAB73 /* myBMI.xcdatamodeld */ = {
			isa = XCVersionGroup;
			children = (
				7349BDA11ED92105007DAB73 /* myBMI.xcdatamodel */,
			);
			currentVersion = 7349BDA11ED92105007DAB73 /* myBMI.xcdatamodel */;
			path = myBMI.xcdatamodeld;
			sourceTree = "<group>";
			versionGroupType = wrapper.xcdatamodel;
		};
/* End XCVersionGroup section */
	};
	rootObject = 7349BD891ED92105007DAB73 /* Project object */;
}
